// !$*UTF8*$!
{
	archiveVersion = 1;
	classes = {
	};
	objectVersion = 46;
	objects = {

/* Begin PBXBuildFile section */
		6B229B1F1C8C896C0079990A /* OCNavigationBar.swift in Sources */ = {isa = PBXBuildFile; fileRef = 6B229B1E1C8C896C0079990A /* OCNavigationBar.swift */; };
		6B2351421CA825EF00B16B8C /* Array.swift in Sources */ = {isa = PBXBuildFile; fileRef = 6B2351411CA825EF00B16B8C /* Array.swift */; };
		6B2CA85E1CA1E12A002FB444 /* DayCell.swift in Sources */ = {isa = PBXBuildFile; fileRef = 6B2CA85D1CA1E12A002FB444 /* DayCell.swift */; };
		6B36B32E1C60C4AE00989167 /* Walkthrough.storyboard in Resources */ = {isa = PBXBuildFile; fileRef = 6B36B32D1C60C4AE00989167 /* Walkthrough.storyboard */; };
		6B4BEE721C872195006D2862 /* Redirect.swift in Sources */ = {isa = PBXBuildFile; fileRef = 6B4BEE711C872195006D2862 /* Redirect.swift */; };
		6B4BEE741C872246006D2862 /* Font.swift in Sources */ = {isa = PBXBuildFile; fileRef = 6B4BEE731C872246006D2862 /* Font.swift */; };
		6B4BEE761C87225C006D2862 /* UIColorFromRGBA.swift in Sources */ = {isa = PBXBuildFile; fileRef = 6B4BEE751C87225C006D2862 /* UIColorFromRGBA.swift */; };
		6B4BEE7B1C8723A8006D2862 /* RegisterViewController.swift in Sources */ = {isa = PBXBuildFile; fileRef = 6B4BEE7A1C8723A8006D2862 /* RegisterViewController.swift */; };
		6B4BEE7D1C8723C2006D2862 /* LoginViewController.swift in Sources */ = {isa = PBXBuildFile; fileRef = 6B4BEE7C1C8723C2006D2862 /* LoginViewController.swift */; };
		6B4BEE7F1C8723E7006D2862 /* SignInViewController.swift in Sources */ = {isa = PBXBuildFile; fileRef = 6B4BEE7E1C8723E7006D2862 /* SignInViewController.swift */; };
		6B4BEE811C87434A006D2862 /* MainViewController.swift in Sources */ = {isa = PBXBuildFile; fileRef = 6B4BEE801C87434A006D2862 /* MainViewController.swift */; };
		6B4E30F31C99A23B00BE42CB /* CategoryViewController.swift in Sources */ = {isa = PBXBuildFile; fileRef = 6B4E30F21C99A23B00BE42CB /* CategoryViewController.swift */; };
		6B4E30F51C99A3A000BE42CB /* ObjectiveViewController.swift in Sources */ = {isa = PBXBuildFile; fileRef = 6B4E30F41C99A3A000BE42CB /* ObjectiveViewController.swift */; };
		6B4E30F71C99A41B00BE42CB /* ProgramViewController.swift in Sources */ = {isa = PBXBuildFile; fileRef = 6B4E30F61C99A41B00BE42CB /* ProgramViewController.swift */; };
		6B4E30F91C99A47D00BE42CB /* DayViewController.swift in Sources */ = {isa = PBXBuildFile; fileRef = 6B4E30F81C99A47D00BE42CB /* DayViewController.swift */; };
		6B4E30FB1C99A48500BE42CB /* TimeViewController.swift in Sources */ = {isa = PBXBuildFile; fileRef = 6B4E30FA1C99A48500BE42CB /* TimeViewController.swift */; };
		6B4E30FD1C9D76B400BE42CB /* Category.swift in Sources */ = {isa = PBXBuildFile; fileRef = 6B4E30FC1C9D76B400BE42CB /* Category.swift */; };
		6B4E30FF1C9D78C600BE42CB /* CategoryCell.swift in Sources */ = {isa = PBXBuildFile; fileRef = 6B4E30FE1C9D78C600BE42CB /* CategoryCell.swift */; };
		6B73BB001C8B221300BCE574 /* OCButton.swift in Sources */ = {isa = PBXBuildFile; fileRef = 6B73BAFF1C8B221300BCE574 /* OCButton.swift */; };
		6B73BB021C8B239D00BCE574 /* OCTextField.swift in Sources */ = {isa = PBXBuildFile; fileRef = 6B73BB011C8B239D00BCE574 /* OCTextField.swift */; };
		6BA0F81A1C984BB0001AA68E /* WalkthroughViewController.swift in Sources */ = {isa = PBXBuildFile; fileRef = 6BA0F8191C984BB0001AA68E /* WalkthroughViewController.swift */; };
		6BA0F81C1C984CEE001AA68E /* CustomWalkthroughPageViewController.swift in Sources */ = {isa = PBXBuildFile; fileRef = 6BA0F81B1C984CEE001AA68E /* CustomWalkthroughPageViewController.swift */; };
		6BA0F8201C9858A0001AA68E /* lecon.json in Resources */ = {isa = PBXBuildFile; fileRef = 6BA0F81E1C9858A0001AA68E /* lecon.json */; };
		6BA0F8211C9858A0001AA68E /* Lecon.swift in Sources */ = {isa = PBXBuildFile; fileRef = 6BA0F81F1C9858A0001AA68E /* Lecon.swift */; };
		6BA0F8261C9858B0001AA68E /* FinishLeconCell.swift in Sources */ = {isa = PBXBuildFile; fileRef = 6BA0F8231C9858B0001AA68E /* FinishLeconCell.swift */; };
		6BA0F8271C9858B0001AA68E /* LeconCell.swift in Sources */ = {isa = PBXBuildFile; fileRef = 6BA0F8241C9858B0001AA68E /* LeconCell.swift */; };
		6BA0F8281C9858B0001AA68E /* TextLeconCell.swift in Sources */ = {isa = PBXBuildFile; fileRef = 6BA0F8251C9858B0001AA68E /* TextLeconCell.swift */; };
		6BBC5F901CA487C600EC7EFE /* ParameterViewController.swift in Sources */ = {isa = PBXBuildFile; fileRef = 6BBC5F8F1CA487C600EC7EFE /* ParameterViewController.swift */; };
		6BBDB8B21CA940FB001361DA /* OC.xcdatamodeld in Sources */ = {isa = PBXBuildFile; fileRef = 6BBDB8B01CA940FB001361DA /* OC.xcdatamodeld */; };
		6BBDB8DB1CA94824001361DA /* User.swift in Sources */ = {isa = PBXBuildFile; fileRef = 6BBDB8DA1CA94824001361DA /* User.swift */; };
		6BBDB8DD1CA9486F001361DA /* OCManagedObject.swift in Sources */ = {isa = PBXBuildFile; fileRef = 6BBDB8DC1CA9486F001361DA /* OCManagedObject.swift */; };
		6BBDB8E11CA94BC7001361DA /* OCAbstractManager.swift in Sources */ = {isa = PBXBuildFile; fileRef = 6BBDB8E01CA94BC7001361DA /* OCAbstractManager.swift */; };
		6BBDB8E31CA961D5001361DA /* UserManager.swift in Sources */ = {isa = PBXBuildFile; fileRef = 6BBDB8E21CA961D5001361DA /* UserManager.swift */; };
		6BD1DA0E1CA7E6370075057F /* ParameterView.swift in Sources */ = {isa = PBXBuildFile; fileRef = 6BD1DA0D1CA7E6370075057F /* ParameterView.swift */; };
		6BEAA7191C5FBCB80043BEA2 /* ViewController.swift in Sources */ = {isa = PBXBuildFile; fileRef = 6BEAA7181C5FBCB80043BEA2 /* ViewController.swift */; };
		6BF23A9C1C5FAE94001B1006 /* AppDelegate.swift in Sources */ = {isa = PBXBuildFile; fileRef = 6BF23A9B1C5FAE94001B1006 /* AppDelegate.swift */; };
		6BF23AA11C5FAE94001B1006 /* Main.storyboard in Resources */ = {isa = PBXBuildFile; fileRef = 6BF23A9F1C5FAE94001B1006 /* Main.storyboard */; };
		6BF23AA31C5FAE94001B1006 /* Assets.xcassets in Resources */ = {isa = PBXBuildFile; fileRef = 6BF23AA21C5FAE94001B1006 /* Assets.xcassets */; };
		6BF23AA61C5FAE94001B1006 /* LaunchScreen.storyboard in Resources */ = {isa = PBXBuildFile; fileRef = 6BF23AA41C5FAE94001B1006 /* LaunchScreen.storyboard */; };
		6BF8B39D1CA0576400051D54 /* ObjectiveCell.swift in Sources */ = {isa = PBXBuildFile; fileRef = 6BF8B39C1CA0576400051D54 /* ObjectiveCell.swift */; };
		6BF8B39F1CA05B4D00051D54 /* Objective.swift in Sources */ = {isa = PBXBuildFile; fileRef = 6BF8B39E1CA05B4D00051D54 /* Objective.swift */; };
		F7E196D74DF8967E1229C76B /* Pods_Openclassroom.framework in Frameworks */ = {isa = PBXBuildFile; fileRef = 9D4D82A87B766E1444FCE186 /* Pods_Openclassroom.framework */; };
/* End PBXBuildFile section */

/* Begin PBXFileReference section */
		6B229B1E1C8C896C0079990A /* OCNavigationBar.swift */ = {isa = PBXFileReference; fileEncoding = 4; lastKnownFileType = sourcecode.swift; path = OCNavigationBar.swift; sourceTree = "<group>"; };
		6B2351411CA825EF00B16B8C /* Array.swift */ = {isa = PBXFileReference; fileEncoding = 4; lastKnownFileType = sourcecode.swift; path = Array.swift; sourceTree = "<group>"; };
		6B2CA85D1CA1E12A002FB444 /* DayCell.swift */ = {isa = PBXFileReference; fileEncoding = 4; lastKnownFileType = sourcecode.swift; path = DayCell.swift; sourceTree = "<group>"; };
		6B36B32D1C60C4AE00989167 /* Walkthrough.storyboard */ = {isa = PBXFileReference; fileEncoding = 4; lastKnownFileType = file.storyboard; path = Walkthrough.storyboard; sourceTree = "<group>"; };
		6B4BEE711C872195006D2862 /* Redirect.swift */ = {isa = PBXFileReference; fileEncoding = 4; lastKnownFileType = sourcecode.swift; path = Redirect.swift; sourceTree = "<group>"; };
		6B4BEE731C872246006D2862 /* Font.swift */ = {isa = PBXFileReference; fileEncoding = 4; lastKnownFileType = sourcecode.swift; path = Font.swift; sourceTree = "<group>"; };
		6B4BEE751C87225C006D2862 /* UIColorFromRGBA.swift */ = {isa = PBXFileReference; fileEncoding = 4; lastKnownFileType = sourcecode.swift; path = UIColorFromRGBA.swift; sourceTree = "<group>"; };
		6B4BEE7A1C8723A8006D2862 /* RegisterViewController.swift */ = {isa = PBXFileReference; fileEncoding = 4; lastKnownFileType = sourcecode.swift; path = RegisterViewController.swift; sourceTree = "<group>"; };
		6B4BEE7C1C8723C2006D2862 /* LoginViewController.swift */ = {isa = PBXFileReference; fileEncoding = 4; lastKnownFileType = sourcecode.swift; path = LoginViewController.swift; sourceTree = "<group>"; };
		6B4BEE7E1C8723E7006D2862 /* SignInViewController.swift */ = {isa = PBXFileReference; fileEncoding = 4; lastKnownFileType = sourcecode.swift; path = SignInViewController.swift; sourceTree = "<group>"; };
		6B4BEE801C87434A006D2862 /* MainViewController.swift */ = {isa = PBXFileReference; fileEncoding = 4; lastKnownFileType = sourcecode.swift; path = MainViewController.swift; sourceTree = "<group>"; };
		6B4E30EF1C98B14C00BE42CB /* Cartography.framework */ = {isa = PBXFileReference; lastKnownFileType = wrapper.framework; name = Cartography.framework; path = "Pods/../build/Debug-iphoneos/Cartography.framework"; sourceTree = "<group>"; };
		6B4E30F21C99A23B00BE42CB /* CategoryViewController.swift */ = {isa = PBXFileReference; fileEncoding = 4; lastKnownFileType = sourcecode.swift; path = CategoryViewController.swift; sourceTree = "<group>"; };
		6B4E30F41C99A3A000BE42CB /* ObjectiveViewController.swift */ = {isa = PBXFileReference; fileEncoding = 4; lastKnownFileType = sourcecode.swift; path = ObjectiveViewController.swift; sourceTree = "<group>"; };
		6B4E30F61C99A41B00BE42CB /* ProgramViewController.swift */ = {isa = PBXFileReference; fileEncoding = 4; lastKnownFileType = sourcecode.swift; path = ProgramViewController.swift; sourceTree = "<group>"; };
		6B4E30F81C99A47D00BE42CB /* DayViewController.swift */ = {isa = PBXFileReference; fileEncoding = 4; lastKnownFileType = sourcecode.swift; path = DayViewController.swift; sourceTree = "<group>"; };
		6B4E30FA1C99A48500BE42CB /* TimeViewController.swift */ = {isa = PBXFileReference; fileEncoding = 4; lastKnownFileType = sourcecode.swift; path = TimeViewController.swift; sourceTree = "<group>"; };
		6B4E30FC1C9D76B400BE42CB /* Category.swift */ = {isa = PBXFileReference; fileEncoding = 4; lastKnownFileType = sourcecode.swift; path = Category.swift; sourceTree = "<group>"; };
		6B4E30FE1C9D78C600BE42CB /* CategoryCell.swift */ = {isa = PBXFileReference; fileEncoding = 4; lastKnownFileType = sourcecode.swift; path = CategoryCell.swift; sourceTree = "<group>"; };
		6B73BAFF1C8B221300BCE574 /* OCButton.swift */ = {isa = PBXFileReference; fileEncoding = 4; lastKnownFileType = sourcecode.swift; path = OCButton.swift; sourceTree = "<group>"; };
		6B73BB011C8B239D00BCE574 /* OCTextField.swift */ = {isa = PBXFileReference; fileEncoding = 4; lastKnownFileType = sourcecode.swift; path = OCTextField.swift; sourceTree = "<group>"; };
		6BA0F8191C984BB0001AA68E /* WalkthroughViewController.swift */ = {isa = PBXFileReference; fileEncoding = 4; lastKnownFileType = sourcecode.swift; path = WalkthroughViewController.swift; sourceTree = "<group>"; };
		6BA0F81B1C984CEE001AA68E /* CustomWalkthroughPageViewController.swift */ = {isa = PBXFileReference; fileEncoding = 4; lastKnownFileType = sourcecode.swift; path = CustomWalkthroughPageViewController.swift; sourceTree = "<group>"; };
		6BA0F81E1C9858A0001AA68E /* lecon.json */ = {isa = PBXFileReference; fileEncoding = 4; lastKnownFileType = text.json; path = lecon.json; sourceTree = "<group>"; };
		6BA0F81F1C9858A0001AA68E /* Lecon.swift */ = {isa = PBXFileReference; fileEncoding = 4; lastKnownFileType = sourcecode.swift; path = Lecon.swift; sourceTree = "<group>"; };
		6BA0F8231C9858B0001AA68E /* FinishLeconCell.swift */ = {isa = PBXFileReference; fileEncoding = 4; lastKnownFileType = sourcecode.swift; path = FinishLeconCell.swift; sourceTree = "<group>"; };
		6BA0F8241C9858B0001AA68E /* LeconCell.swift */ = {isa = PBXFileReference; fileEncoding = 4; lastKnownFileType = sourcecode.swift; path = LeconCell.swift; sourceTree = "<group>"; };
		6BA0F8251C9858B0001AA68E /* TextLeconCell.swift */ = {isa = PBXFileReference; fileEncoding = 4; lastKnownFileType = sourcecode.swift; path = TextLeconCell.swift; sourceTree = "<group>"; };
		6BBC5F8F1CA487C600EC7EFE /* ParameterViewController.swift */ = {isa = PBXFileReference; fileEncoding = 4; lastKnownFileType = sourcecode.swift; path = ParameterViewController.swift; sourceTree = "<group>"; };
		6BBDB8B11CA940FB001361DA /* OC.xcdatamodel */ = {isa = PBXFileReference; lastKnownFileType = wrapper.xcdatamodel; path = OC.xcdatamodel; sourceTree = "<group>"; };
		6BBDB8DA1CA94824001361DA /* User.swift */ = {isa = PBXFileReference; fileEncoding = 4; lastKnownFileType = sourcecode.swift; path = User.swift; sourceTree = "<group>"; };
		6BBDB8DC1CA9486F001361DA /* OCManagedObject.swift */ = {isa = PBXFileReference; fileEncoding = 4; lastKnownFileType = sourcecode.swift; path = OCManagedObject.swift; sourceTree = "<group>"; };
		6BBDB8E01CA94BC7001361DA /* OCAbstractManager.swift */ = {isa = PBXFileReference; fileEncoding = 4; lastKnownFileType = sourcecode.swift; path = OCAbstractManager.swift; sourceTree = "<group>"; };
		6BBDB8E21CA961D5001361DA /* UserManager.swift */ = {isa = PBXFileReference; fileEncoding = 4; lastKnownFileType = sourcecode.swift; path = UserManager.swift; sourceTree = "<group>"; };
		6BD1DA0D1CA7E6370075057F /* ParameterView.swift */ = {isa = PBXFileReference; fileEncoding = 4; lastKnownFileType = sourcecode.swift; path = ParameterView.swift; sourceTree = "<group>"; };
		6BEAA7181C5FBCB80043BEA2 /* ViewController.swift */ = {isa = PBXFileReference; fileEncoding = 4; lastKnownFileType = sourcecode.swift; path = ViewController.swift; sourceTree = "<group>"; };
		6BF23A981C5FAE94001B1006 /* Openclassroom.app */ = {isa = PBXFileReference; explicitFileType = wrapper.application; includeInIndex = 0; path = Openclassroom.app; sourceTree = BUILT_PRODUCTS_DIR; };
		6BF23A9B1C5FAE94001B1006 /* AppDelegate.swift */ = {isa = PBXFileReference; lastKnownFileType = sourcecode.swift; path = AppDelegate.swift; sourceTree = "<group>"; };
		6BF23AA01C5FAE94001B1006 /* Base */ = {isa = PBXFileReference; lastKnownFileType = file.storyboard; name = Base; path = Base.lproj/Main.storyboard; sourceTree = "<group>"; };
		6BF23AA21C5FAE94001B1006 /* Assets.xcassets */ = {isa = PBXFileReference; lastKnownFileType = folder.assetcatalog; path = Assets.xcassets; sourceTree = "<group>"; };
		6BF23AA51C5FAE94001B1006 /* Base */ = {isa = PBXFileReference; lastKnownFileType = file.storyboard; name = Base; path = Base.lproj/LaunchScreen.storyboard; sourceTree = "<group>"; };
		6BF23AA71C5FAE94001B1006 /* Info.plist */ = {isa = PBXFileReference; lastKnownFileType = text.plist.xml; path = Info.plist; sourceTree = "<group>"; };
		6BF8B39C1CA0576400051D54 /* ObjectiveCell.swift */ = {isa = PBXFileReference; fileEncoding = 4; lastKnownFileType = sourcecode.swift; path = ObjectiveCell.swift; sourceTree = "<group>"; };
		6BF8B39E1CA05B4D00051D54 /* Objective.swift */ = {isa = PBXFileReference; fileEncoding = 4; lastKnownFileType = sourcecode.swift; path = Objective.swift; sourceTree = "<group>"; };
		7146E8AB1785EFBD25AE1D71 /* Pods-Openclassroom.release.xcconfig */ = {isa = PBXFileReference; includeInIndex = 1; lastKnownFileType = text.xcconfig; name = "Pods-Openclassroom.release.xcconfig"; path = "Pods/Target Support Files/Pods-Openclassroom/Pods-Openclassroom.release.xcconfig"; sourceTree = "<group>"; };
		9D4D82A87B766E1444FCE186 /* Pods_Openclassroom.framework */ = {isa = PBXFileReference; explicitFileType = wrapper.framework; includeInIndex = 0; path = Pods_Openclassroom.framework; sourceTree = BUILT_PRODUCTS_DIR; };
		9FF964DDE5E34DC1072B06D9 /* Pods-Openclassroom.debug.xcconfig */ = {isa = PBXFileReference; includeInIndex = 1; lastKnownFileType = text.xcconfig; name = "Pods-Openclassroom.debug.xcconfig"; path = "Pods/Target Support Files/Pods-Openclassroom/Pods-Openclassroom.debug.xcconfig"; sourceTree = "<group>"; };
/* End PBXFileReference section */

/* Begin PBXFrameworksBuildPhase section */
		6BF23A951C5FAE94001B1006 /* Frameworks */ = {
			isa = PBXFrameworksBuildPhase;
			buildActionMask = 2147483647;
			files = (
				F7E196D74DF8967E1229C76B /* Pods_Openclassroom.framework in Frameworks */,
			);
			runOnlyForDeploymentPostprocessing = 0;
		};
/* End PBXFrameworksBuildPhase section */

/* Begin PBXGroup section */
		2EE19F69585937A8CB6CD648 /* Frameworks */ = {
			isa = PBXGroup;
			children = (
				6B4E30EF1C98B14C00BE42CB /* Cartography.framework */,
				9D4D82A87B766E1444FCE186 /* Pods_Openclassroom.framework */,
			);
			name = Frameworks;
			sourceTree = "<group>";
		};
		6B36B3251C60B6DA00989167 /* Helper */ = {
			isa = PBXGroup;
			children = (
				6B4BEE711C872195006D2862 /* Redirect.swift */,
				6B4BEE731C872246006D2862 /* Font.swift */,
				6B4BEE751C87225C006D2862 /* UIColorFromRGBA.swift */,
				6B73BAFF1C8B221300BCE574 /* OCButton.swift */,
				6B73BB011C8B239D00BCE574 /* OCTextField.swift */,
				6B229B1E1C8C896C0079990A /* OCNavigationBar.swift */,
				6B2351411CA825EF00B16B8C /* Array.swift */,
			);
			path = Helper;
			sourceTree = "<group>";
		};
		6B36B3261C60B6DA00989167 /* View */ = {
			isa = PBXGroup;
			children = (
				6BD1DA0C1CA7E6210075057F /* CustomView */,
				6BA0F8221C9858B0001AA68E /* Cell */,
			);
			path = View;
			sourceTree = "<group>";
		};
		6B4BEE791C8723A8006D2862 /* Sign */ = {
			isa = PBXGroup;
			children = (
				6B4BEE7A1C8723A8006D2862 /* RegisterViewController.swift */,
				6B4BEE7C1C8723C2006D2862 /* LoginViewController.swift */,
				6B4BEE7E1C8723E7006D2862 /* SignInViewController.swift */,
			);
			path = Sign;
			sourceTree = "<group>";
		};
		6B4E30F11C99A20100BE42CB /* Setup */ = {
			isa = PBXGroup;
			children = (
				6B4E30F21C99A23B00BE42CB /* CategoryViewController.swift */,
				6B4E30F41C99A3A000BE42CB /* ObjectiveViewController.swift */,
				6B4E30F61C99A41B00BE42CB /* ProgramViewController.swift */,
				6B4E30F81C99A47D00BE42CB /* DayViewController.swift */,
				6B4E30FA1C99A48500BE42CB /* TimeViewController.swift */,
			);
			path = Setup;
			sourceTree = "<group>";
		};
		6BA0F8181C984BB0001AA68E /* Walkthrough */ = {
			isa = PBXGroup;
			children = (
				6BA0F81B1C984CEE001AA68E /* CustomWalkthroughPageViewController.swift */,
				6BA0F8191C984BB0001AA68E /* WalkthroughViewController.swift */,
			);
			path = Walkthrough;
			sourceTree = "<group>";
		};
		6BA0F81D1C9858A0001AA68E /* Json */ = {
			isa = PBXGroup;
			children = (
				6BA0F81E1C9858A0001AA68E /* lecon.json */,
			);
			path = Json;
			sourceTree = "<group>";
		};
		6BA0F8221C9858B0001AA68E /* Cell */ = {
			isa = PBXGroup;
			children = (
				6BA0F8231C9858B0001AA68E /* FinishLeconCell.swift */,
				6BA0F8241C9858B0001AA68E /* LeconCell.swift */,
				6BA0F8251C9858B0001AA68E /* TextLeconCell.swift */,
				6B4E30FE1C9D78C600BE42CB /* CategoryCell.swift */,
				6BF8B39C1CA0576400051D54 /* ObjectiveCell.swift */,
				6B2CA85D1CA1E12A002FB444 /* DayCell.swift */,
			);
			path = Cell;
			sourceTree = "<group>";
		};
		6BBC5F8E1CA487AE00EC7EFE /* Profile */ = {
			isa = PBXGroup;
			children = (
				6BBC5F8F1CA487C600EC7EFE /* ParameterViewController.swift */,
			);
			path = Profile;
			sourceTree = "<group>";
		};
		6BBDB8D91CA94814001361DA /* User */ = {
			isa = PBXGroup;
			children = (
				6BBDB8DA1CA94824001361DA /* User.swift */,
				6BBDB8E21CA961D5001361DA /* UserManager.swift */,
			);
			path = User;
			sourceTree = "<group>";
		};
		6BD1DA0C1CA7E6210075057F /* CustomView */ = {
			isa = PBXGroup;
			children = (
				6BD1DA0D1CA7E6370075057F /* ParameterView.swift */,
			);
			path = CustomView;
			sourceTree = "<group>";
		};
		6BEAA7161C5FB9D30043BEA2 /* Controller */ = {
			isa = PBXGroup;
			children = (
				6BBC5F8E1CA487AE00EC7EFE /* Profile */,
				6B4E30F11C99A20100BE42CB /* Setup */,
				6BA0F8181C984BB0001AA68E /* Walkthrough */,
				6B4BEE791C8723A8006D2862 /* Sign */,
				6BEAA7181C5FBCB80043BEA2 /* ViewController.swift */,
				6B4BEE801C87434A006D2862 /* MainViewController.swift */,
			);
			path = Controller;
			sourceTree = "<group>";
		};
		6BEAA7171C5FB9D30043BEA2 /* Model */ = {
			isa = PBXGroup;
			children = (
				6BBDB8D91CA94814001361DA /* User */,
				6BA0F81D1C9858A0001AA68E /* Json */,
				6BA0F81F1C9858A0001AA68E /* Lecon.swift */,
				6B4E30FC1C9D76B400BE42CB /* Category.swift */,
				6BF8B39E1CA05B4D00051D54 /* Objective.swift */,
				6BBDB8DC1CA9486F001361DA /* OCManagedObject.swift */,
				6BBDB8E01CA94BC7001361DA /* OCAbstractManager.swift */,
			);
			path = Model;
			sourceTree = "<group>";
		};
		6BF23A8F1C5FAE94001B1006 = {
			isa = PBXGroup;
			children = (
				6BF23A9A1C5FAE94001B1006 /* Openclassroom */,
				6BF23A991C5FAE94001B1006 /* Products */,
				BF1E0E1393F6AEE725A9E785 /* Pods */,
				2EE19F69585937A8CB6CD648 /* Frameworks */,
			);
			sourceTree = "<group>";
		};
		6BF23A991C5FAE94001B1006 /* Products */ = {
			isa = PBXGroup;
			children = (
				6BF23A981C5FAE94001B1006 /* Openclassroom.app */,
			);
			name = Products;
			sourceTree = "<group>";
		};
		6BF23A9A1C5FAE94001B1006 /* Openclassroom */ = {
			isa = PBXGroup;
			children = (
				6B36B3261C60B6DA00989167 /* View */,
				6B36B3251C60B6DA00989167 /* Helper */,
				6BEAA7161C5FB9D30043BEA2 /* Controller */,
				6BEAA7171C5FB9D30043BEA2 /* Model */,
				6BF23A9B1C5FAE94001B1006 /* AppDelegate.swift */,
				6BF23A9F1C5FAE94001B1006 /* Main.storyboard */,
				6BF23AA41C5FAE94001B1006 /* LaunchScreen.storyboard */,
				6B36B32D1C60C4AE00989167 /* Walkthrough.storyboard */,
				6BF23AA21C5FAE94001B1006 /* Assets.xcassets */,
				6BF23AA71C5FAE94001B1006 /* Info.plist */,
				6BBDB8B01CA940FB001361DA /* OC.xcdatamodeld */,
			);
			path = Openclassroom;
			sourceTree = "<group>";
		};
		BF1E0E1393F6AEE725A9E785 /* Pods */ = {
			isa = PBXGroup;
			children = (
				9FF964DDE5E34DC1072B06D9 /* Pods-Openclassroom.debug.xcconfig */,
				7146E8AB1785EFBD25AE1D71 /* Pods-Openclassroom.release.xcconfig */,
			);
			name = Pods;
			sourceTree = "<group>";
		};
/* End PBXGroup section */

/* Begin PBXNativeTarget section */
		6BF23A971C5FAE94001B1006 /* Openclassroom */ = {
			isa = PBXNativeTarget;
			buildConfigurationList = 6BF23AAA1C5FAE94001B1006 /* Build configuration list for PBXNativeTarget "Openclassroom" */;
			buildPhases = (
				7F7ED0B7A3E3F848E7C9F0E1 /* Check Pods Manifest.lock */,
				6BF23A941C5FAE94001B1006 /* Sources */,
				6BF23A951C5FAE94001B1006 /* Frameworks */,
				6BF23A961C5FAE94001B1006 /* Resources */,
				BB4DEE2FDF7B0EA467BF738B /* Embed Pods Frameworks */,
				070C5F5FB7F19DFF7C58D535 /* Copy Pods Resources */,
				6BEAA7151C5FB66F0043BEA2 /* ShellScript */,
			);
			buildRules = (
			);
			dependencies = (
			);
			name = Openclassroom;
			productName = Openclassroom;
			productReference = 6BF23A981C5FAE94001B1006 /* Openclassroom.app */;
			productType = "com.apple.product-type.application";
		};
/* End PBXNativeTarget section */

/* Begin PBXProject section */
		6BF23A901C5FAE94001B1006 /* Project object */ = {
			isa = PBXProject;
			attributes = {
				LastSwiftUpdateCheck = 0720;
				LastUpgradeCheck = 0720;
				ORGANIZATIONNAME = paulboiseau;
				TargetAttributes = {
					6BF23A971C5FAE94001B1006 = {
						CreatedOnToolsVersion = 7.2;
						DevelopmentTeam = 99D895TFL2;
					};
				};
			};
			buildConfigurationList = 6BF23A931C5FAE94001B1006 /* Build configuration list for PBXProject "Openclassroom" */;
			compatibilityVersion = "Xcode 3.2";
			developmentRegion = English;
			hasScannedForEncodings = 0;
			knownRegions = (
				en,
				Base,
			);
			mainGroup = 6BF23A8F1C5FAE94001B1006;
			productRefGroup = 6BF23A991C5FAE94001B1006 /* Products */;
			projectDirPath = "";
			projectRoot = "";
			targets = (
				6BF23A971C5FAE94001B1006 /* Openclassroom */,
			);
		};
/* End PBXProject section */

/* Begin PBXResourcesBuildPhase section */
		6BF23A961C5FAE94001B1006 /* Resources */ = {
			isa = PBXResourcesBuildPhase;
			buildActionMask = 2147483647;
			files = (
				6BF23AA61C5FAE94001B1006 /* LaunchScreen.storyboard in Resources */,
				6BA0F8201C9858A0001AA68E /* lecon.json in Resources */,
				6B36B32E1C60C4AE00989167 /* Walkthrough.storyboard in Resources */,
				6BF23AA31C5FAE94001B1006 /* Assets.xcassets in Resources */,
				6BF23AA11C5FAE94001B1006 /* Main.storyboard in Resources */,
			);
			runOnlyForDeploymentPostprocessing = 0;
		};
/* End PBXResourcesBuildPhase section */

/* Begin PBXShellScriptBuildPhase section */
		070C5F5FB7F19DFF7C58D535 /* Copy Pods Resources */ = {
			isa = PBXShellScriptBuildPhase;
			buildActionMask = 2147483647;
			files = (
			);
			inputPaths = (
			);
			name = "Copy Pods Resources";
			outputPaths = (
			);
			runOnlyForDeploymentPostprocessing = 0;
			shellPath = /bin/sh;
			shellScript = "\"${SRCROOT}/Pods/Target Support Files/Pods-Openclassroom/Pods-Openclassroom-resources.sh\"\n";
			showEnvVarsInLog = 0;
		};
		6BEAA7151C5FB66F0043BEA2 /* ShellScript */ = {
			isa = PBXShellScriptBuildPhase;
			buildActionMask = 2147483647;
			files = (
			);
			inputPaths = (
			);
			outputPaths = (
			);
			runOnlyForDeploymentPostprocessing = 0;
			shellPath = /bin/sh;
			shellScript = "\"${PODS_ROOT}/Fabric/run\" 118998f296ed8993d515d773259c9155da3bfc48 a2aac64ca5cd2d7efae41fcd5d9f4b58273d5c08a040fe81d59452e676308444";
		};
		7F7ED0B7A3E3F848E7C9F0E1 /* Check Pods Manifest.lock */ = {
			isa = PBXShellScriptBuildPhase;
			buildActionMask = 2147483647;
			files = (
			);
			inputPaths = (
			);
			name = "Check Pods Manifest.lock";
			outputPaths = (
			);
			runOnlyForDeploymentPostprocessing = 0;
			shellPath = /bin/sh;
			shellScript = "diff \"${PODS_ROOT}/../Podfile.lock\" \"${PODS_ROOT}/Manifest.lock\" > /dev/null\nif [[ $? != 0 ]] ; then\n    cat << EOM\nerror: The sandbox is not in sync with the Podfile.lock. Run 'pod install' or update your CocoaPods installation.\nEOM\n    exit 1\nfi\n";
			showEnvVarsInLog = 0;
		};
		BB4DEE2FDF7B0EA467BF738B /* Embed Pods Frameworks */ = {
			isa = PBXShellScriptBuildPhase;
			buildActionMask = 2147483647;
			files = (
			);
			inputPaths = (
			);
			name = "Embed Pods Frameworks";
			outputPaths = (
			);
			runOnlyForDeploymentPostprocessing = 0;
			shellPath = /bin/sh;
			shellScript = "\"${SRCROOT}/Pods/Target Support Files/Pods-Openclassroom/Pods-Openclassroom-frameworks.sh\"\n";
			showEnvVarsInLog = 0;
		};
/* End PBXShellScriptBuildPhase section */

/* Begin PBXSourcesBuildPhase section */
		6BF23A941C5FAE94001B1006 /* Sources */ = {
			isa = PBXSourcesBuildPhase;
			buildActionMask = 2147483647;
			files = (
				6B4E30F91C99A47D00BE42CB /* DayViewController.swift in Sources */,
				6B4E30FB1C99A48500BE42CB /* TimeViewController.swift in Sources */,
				6B4BEE7D1C8723C2006D2862 /* LoginViewController.swift in Sources */,
				6BEAA7191C5FBCB80043BEA2 /* ViewController.swift in Sources */,
				6B2CA85E1CA1E12A002FB444 /* DayCell.swift in Sources */,
				6B2351421CA825EF00B16B8C /* Array.swift in Sources */,
				6BA0F81C1C984CEE001AA68E /* CustomWalkthroughPageViewController.swift in Sources */,
				6BF8B39F1CA05B4D00051D54 /* Objective.swift in Sources */,
				6B4BEE7B1C8723A8006D2862 /* RegisterViewController.swift in Sources */,
				6B4E30F51C99A3A000BE42CB /* ObjectiveViewController.swift in Sources */,
				6BD1DA0E1CA7E6370075057F /* ParameterView.swift in Sources */,
				6B4BEE7F1C8723E7006D2862 /* SignInViewController.swift in Sources */,
				6BBC5F901CA487C600EC7EFE /* ParameterViewController.swift in Sources */,
				6B229B1F1C8C896C0079990A /* OCNavigationBar.swift in Sources */,
				6B4E30F31C99A23B00BE42CB /* CategoryViewController.swift in Sources */,
				6B4BEE721C872195006D2862 /* Redirect.swift in Sources */,
				6B73BB021C8B239D00BCE574 /* OCTextField.swift in Sources */,
				6B4E30FF1C9D78C600BE42CB /* CategoryCell.swift in Sources */,
				6BBDB8E31CA961D5001361DA /* UserManager.swift in Sources */,
				6B4BEE811C87434A006D2862 /* MainViewController.swift in Sources */,
				6BBDB8B21CA940FB001361DA /* OC.xcdatamodeld in Sources */,
				6BA0F8261C9858B0001AA68E /* FinishLeconCell.swift in Sources */,
				6BF8B39D1CA0576400051D54 /* ObjectiveCell.swift in Sources */,
				6B4BEE741C872246006D2862 /* Font.swift in Sources */,
				6BBDB8DB1CA94824001361DA /* User.swift in Sources */,
				6BBDB8DD1CA9486F001361DA /* OCManagedObject.swift in Sources */,
				6B4E30FD1C9D76B400BE42CB /* Category.swift in Sources */,
				6B73BB001C8B221300BCE574 /* OCButton.swift in Sources */,
				6BF23A9C1C5FAE94001B1006 /* AppDelegate.swift in Sources */,
				6BA0F8211C9858A0001AA68E /* Lecon.swift in Sources */,
				6BA0F81A1C984BB0001AA68E /* WalkthroughViewController.swift in Sources */,
				6BBDB8E11CA94BC7001361DA /* OCAbstractManager.swift in Sources */,
				6B4BEE761C87225C006D2862 /* UIColorFromRGBA.swift in Sources */,
				6B4E30F71C99A41B00BE42CB /* ProgramViewController.swift in Sources */,
				6BA0F8271C9858B0001AA68E /* LeconCell.swift in Sources */,
				6BA0F8281C9858B0001AA68E /* TextLeconCell.swift in Sources */,
			);
			runOnlyForDeploymentPostprocessing = 0;
		};
/* End PBXSourcesBuildPhase section */

/* Begin PBXVariantGroup section */
		6BF23A9F1C5FAE94001B1006 /* Main.storyboard */ = {
			isa = PBXVariantGroup;
			children = (
				6BF23AA01C5FAE94001B1006 /* Base */,
			);
			name = Main.storyboard;
			sourceTree = "<group>";
		};
		6BF23AA41C5FAE94001B1006 /* LaunchScreen.storyboard */ = {
			isa = PBXVariantGroup;
			children = (
				6BF23AA51C5FAE94001B1006 /* Base */,
			);
			name = LaunchScreen.storyboard;
			sourceTree = "<group>";
		};
/* End PBXVariantGroup section */

/* Begin XCBuildConfiguration section */
		6BF23AA81C5FAE94001B1006 /* Debug */ = {
			isa = XCBuildConfiguration;
			buildSettings = {
				ALWAYS_SEARCH_USER_PATHS = NO;
				CLANG_CXX_LANGUAGE_STANDARD = "gnu++0x";
				CLANG_CXX_LIBRARY = "libc++";
				CLANG_ENABLE_MODULES = YES;
				CLANG_ENABLE_OBJC_ARC = YES;
				CLANG_WARN_BOOL_CONVERSION = YES;
				CLANG_WARN_CONSTANT_CONVERSION = YES;
				CLANG_WARN_DIRECT_OBJC_ISA_USAGE = YES_ERROR;
				CLANG_WARN_EMPTY_BODY = YES;
				CLANG_WARN_ENUM_CONVERSION = YES;
				CLANG_WARN_INT_CONVERSION = YES;
				CLANG_WARN_OBJC_ROOT_CLASS = YES_ERROR;
				CLANG_WARN_UNREACHABLE_CODE = YES;
				CLANG_WARN__DUPLICATE_METHOD_MATCH = YES;
				"CODE_SIGN_IDENTITY[sdk=iphoneos*]" = "iPhone Developer";
				COPY_PHASE_STRIP = NO;
				DEBUG_INFORMATION_FORMAT = dwarf;
				ENABLE_STRICT_OBJC_MSGSEND = YES;
				ENABLE_TESTABILITY = YES;
				GCC_C_LANGUAGE_STANDARD = gnu99;
				GCC_DYNAMIC_NO_PIC = NO;
				GCC_NO_COMMON_BLOCKS = YES;
				GCC_OPTIMIZATION_LEVEL = 0;
				GCC_PREPROCESSOR_DEFINITIONS = (
					"DEBUG=1",
					"$(inherited)",
				);
				GCC_WARN_64_TO_32_BIT_CONVERSION = YES;
				GCC_WARN_ABOUT_RETURN_TYPE = YES_ERROR;
				GCC_WARN_UNDECLARED_SELECTOR = YES;
				GCC_WARN_UNINITIALIZED_AUTOS = YES_AGGRESSIVE;
				GCC_WARN_UNUSED_FUNCTION = YES;
				GCC_WARN_UNUSED_VARIABLE = YES;
				IPHONEOS_DEPLOYMENT_TARGET = 9.2;
				MTL_ENABLE_DEBUG_INFO = YES;
				ONLY_ACTIVE_ARCH = YES;
				SDKROOT = iphoneos;
				SWIFT_OPTIMIZATION_LEVEL = "-Onone";
			};
			name = Debug;
		};
		6BF23AA91C5FAE94001B1006 /* Release */ = {
			isa = XCBuildConfiguration;
			buildSettings = {
				ALWAYS_SEARCH_USER_PATHS = NO;
				CLANG_CXX_LANGUAGE_STANDARD = "gnu++0x";
				CLANG_CXX_LIBRARY = "libc++";
				CLANG_ENABLE_MODULES = YES;
				CLANG_ENABLE_OBJC_ARC = YES;
				CLANG_WARN_BOOL_CONVERSION = YES;
				CLANG_WARN_CONSTANT_CONVERSION = YES;
				CLANG_WARN_DIRECT_OBJC_ISA_USAGE = YES_ERROR;
				CLANG_WARN_EMPTY_BODY = YES;
				CLANG_WARN_ENUM_CONVERSION = YES;
				CLANG_WARN_INT_CONVERSION = YES;
				CLANG_WARN_OBJC_ROOT_CLASS = YES_ERROR;
				CLANG_WARN_UNREACHABLE_CODE = YES;
				CLANG_WARN__DUPLICATE_METHOD_MATCH = YES;
				"CODE_SIGN_IDENTITY[sdk=iphoneos*]" = "iPhone Developer";
				COPY_PHASE_STRIP = NO;
				DEBUG_INFORMATION_FORMAT = "dwarf-with-dsym";
				ENABLE_NS_ASSERTIONS = NO;
				ENABLE_STRICT_OBJC_MSGSEND = YES;
				GCC_C_LANGUAGE_STANDARD = gnu99;
				GCC_NO_COMMON_BLOCKS = YES;
				GCC_WARN_64_TO_32_BIT_CONVERSION = YES;
				GCC_WARN_ABOUT_RETURN_TYPE = YES_ERROR;
				GCC_WARN_UNDECLARED_SELECTOR = YES;
				GCC_WARN_UNINITIALIZED_AUTOS = YES_AGGRESSIVE;
				GCC_WARN_UNUSED_FUNCTION = YES;
				GCC_WARN_UNUSED_VARIABLE = YES;
				IPHONEOS_DEPLOYMENT_TARGET = 9.2;
				MTL_ENABLE_DEBUG_INFO = NO;
				SDKROOT = iphoneos;
				VALIDATE_PRODUCT = YES;
			};
			name = Release;
		};
		6BF23AAB1C5FAE94001B1006 /* Debug */ = {
			isa = XCBuildConfiguration;
			baseConfigurationReference = 9FF964DDE5E34DC1072B06D9 /* Pods-Openclassroom.debug.xcconfig */;
			buildSettings = {
				ASSETCATALOG_COMPILER_APPICON_NAME = AppIcon;
				CODE_SIGN_IDENTITY = "iPhone Developer";
				DEBUG_INFORMATION_FORMAT = "dwarf-with-dsym";
				FRAMEWORK_SEARCH_PATHS = (
					"$(inherited)",
					"$(PROJECT_DIR)/build/Debug-iphoneos",
				);
				INFOPLIST_FILE = Openclassroom/Info.plist;
				IPHONEOS_DEPLOYMENT_TARGET = 9.0;
				LD_RUNPATH_SEARCH_PATHS = "$(inherited) @executable_path/Frameworks";
				PRODUCT_BUNDLE_IDENTIFIER = com.paulboiseau.Openclassroom;
				PRODUCT_NAME = "$(TARGET_NAME)";
			};
			name = Debug;
		};
		6BF23AAC1C5FAE94001B1006 /* Release */ = {
			isa = XCBuildConfiguration;
			baseConfigurationReference = 7146E8AB1785EFBD25AE1D71 /* Pods-Openclassroom.release.xcconfig */;
			buildSettings = {
				ASSETCATALOG_COMPILER_APPICON_NAME = AppIcon;
				CODE_SIGN_IDENTITY = "iPhone Developer";
				DEBUG_INFORMATION_FORMAT = "dwarf-with-dsym";
				FRAMEWORK_SEARCH_PATHS = (
					"$(inherited)",
					"$(PROJECT_DIR)/build/Debug-iphoneos",
				);
				INFOPLIST_FILE = Openclassroom/Info.plist;
				IPHONEOS_DEPLOYMENT_TARGET = 9.0;
				LD_RUNPATH_SEARCH_PATHS = "$(inherited) @executable_path/Frameworks";
				PRODUCT_BUNDLE_IDENTIFIER = com.paulboiseau.Openclassroom;
				PRODUCT_NAME = "$(TARGET_NAME)";
			};
			name = Release;
		};
/* End XCBuildConfiguration section */

/* Begin XCConfigurationList section */
		6BF23A931C5FAE94001B1006 /* Build configuration list for PBXProject "Openclassroom" */ = {
			isa = XCConfigurationList;
			buildConfigurations = (
				6BF23AA81C5FAE94001B1006 /* Debug */,
				6BF23AA91C5FAE94001B1006 /* Release */,
			);
			defaultConfigurationIsVisible = 0;
			defaultConfigurationName = Release;
		};
		6BF23AAA1C5FAE94001B1006 /* Build configuration list for PBXNativeTarget "Openclassroom" */ = {
			isa = XCConfigurationList;
			buildConfigurations = (
				6BF23AAB1C5FAE94001B1006 /* Debug */,
				6BF23AAC1C5FAE94001B1006 /* Release */,
			);
			defaultConfigurationIsVisible = 0;
			defaultConfigurationName = Release;
		};
/* End XCConfigurationList section */

/* Begin XCVersionGroup section */
		6BBDB8B01CA940FB001361DA /* OC.xcdatamodeld */ = {
			isa = XCVersionGroup;
			children = (
				6BBDB8B11CA940FB001361DA /* OC.xcdatamodel */,
			);
			currentVersion = 6BBDB8B11CA940FB001361DA /* OC.xcdatamodel */;
			path = OC.xcdatamodeld;
			sourceTree = "<group>";
			versionGroupType = wrapper.xcdatamodel;
		};
/* End XCVersionGroup section */
	};
	rootObject = 6BF23A901C5FAE94001B1006 /* Project object */;
}
